
Microsoft Visual Studio Solution File, Format Version 12.00
# Visual Studio Version 17
VisualStudioVersion = 17.5.002.0
MinimumVisualStudioVersion = 10.0.40219.1
Project("{9A19103F-16F7-4668-BE54-9A1E7A4F7556}") = "CurrencyConverterApp", "CurrencyConverterApp.csproj", "{CF1D471E-4A16-4C38-8895-15DFD6D5A420}"
EndProject
Global
	GlobalSection(SolutionConfigurationPlatforms) = preSolution
		Debug|Any CPU = Debug|Any CPU
		Release|Any CPU = Release|Any CPU
	EndGlobalSection
	GlobalSection(ProjectConfigurationPlatforms) = postSolution
		{CF1D471E-4A16-4C38-8895-15DFD6D5A420}.Debug|Any CPU.ActiveCfg = Debug|Any CPU
		{CF1D471E-4A16-4C38-8895-15DFD6D5A420}.Debug|Any CPU.Build.0 = Debug|Any CPU
		{CF1D471E-4A16-4C38-8895-15DFD6D5A420}.Release|Any CPU.ActiveCfg = Release|Any CPU
		{CF1D471E-4A16-4C38-8895-15DFD6D5A420}.Release|Any CPU.Build.0 = Release|Any CPU
	EndGlobalSection
	GlobalSection(SolutionProperties) = preSolution
		HideSolutionNode = FALSE
	EndGlobalSection
	GlobalSection(ExtensibilityGlobals) = postSolution
		SolutionGuid = {A531E48B-3CF6-4766-B077-C2EB2EC5B634}
	EndGlobalSection
EndGlobal
